// !$*UTF8*$!
{
	archiveVersion = 1;
	classes = {
	};
	objectVersion = 46;
	objects = {

/* Begin PBXBuildFile section */
		72EE314DA09B39A16EEA0A6D /* Pods_Twitter.framework in Frameworks */ = {isa = PBXBuildFile; fileRef = 3CAF156367CCC19304EE7DBE /* Pods_Twitter.framework */; };
		E13E9CEE1DC2FB9100EB03DA /* User.swift in Sources */ = {isa = PBXBuildFile; fileRef = E13E9CEC1DC2FB9100EB03DA /* User.swift */; };
		E13E9CEF1DC2FB9100EB03DA /* Tweet.swift in Sources */ = {isa = PBXBuildFile; fileRef = E13E9CED1DC2FB9100EB03DA /* Tweet.swift */; };
		E1BDD8701DC444F0002FFFF1 /* TweetCell.swift in Sources */ = {isa = PBXBuildFile; fileRef = E1BDD86F1DC444F0002FFFF1 /* TweetCell.swift */; };
		E1BDD8721DC44E49002FFFF1 /* star.png in Resources */ = {isa = PBXBuildFile; fileRef = E1BDD8711DC44E49002FFFF1 /* star.png */; };
		E1BDD8751DC44ECD002FFFF1 /* retweet.png in Resources */ = {isa = PBXBuildFile; fileRef = E1BDD8741DC44ECD002FFFF1 /* retweet.png */; };
		E1BDD8771DC44FDD002FFFF1 /* reply.png in Resources */ = {isa = PBXBuildFile; fileRef = E1BDD8761DC44FDD002FFFF1 /* reply.png */; };
		E1D94E931DC702E500E13BBB /* retweeted.png in Resources */ = {isa = PBXBuildFile; fileRef = E1D94E921DC702E500E13BBB /* retweeted.png */; };
		E1EC61061DC2521600CD2C71 /* AppDelegate.swift in Sources */ = {isa = PBXBuildFile; fileRef = E1EC61051DC2521600CD2C71 /* AppDelegate.swift */; };
		E1EC61081DC2521600CD2C71 /* LoginViewController.swift in Sources */ = {isa = PBXBuildFile; fileRef = E1EC61071DC2521600CD2C71 /* LoginViewController.swift */; };
		E1EC610B1DC2521600CD2C71 /* Main.storyboard in Resources */ = {isa = PBXBuildFile; fileRef = E1EC61091DC2521600CD2C71 /* Main.storyboard */; };
		E1EC610D1DC2521600CD2C71 /* Assets.xcassets in Resources */ = {isa = PBXBuildFile; fileRef = E1EC610C1DC2521600CD2C71 /* Assets.xcassets */; };
		E1EC61101DC2521600CD2C71 /* LaunchScreen.storyboard in Resources */ = {isa = PBXBuildFile; fileRef = E1EC610E1DC2521600CD2C71 /* LaunchScreen.storyboard */; };
		E1EC611B1DC25AB300CD2C71 /* TwitterClient.swift in Sources */ = {isa = PBXBuildFile; fileRef = E1EC611A1DC25AB300CD2C71 /* TwitterClient.swift */; };
		E1ED63F41DC6589700A8F3DE /* ComposeViewController.swift in Sources */ = {isa = PBXBuildFile; fileRef = E1ED63F31DC6589700A8F3DE /* ComposeViewController.swift */; };
		E1ED63F61DC6AE6F00A8F3DE /* TweetDetailViewController.swift in Sources */ = {isa = PBXBuildFile; fileRef = E1ED63F51DC6AE6F00A8F3DE /* TweetDetailViewController.swift */; };
		E1FCA0001DC3D0380072747C /* TweetsViewController.swift in Sources */ = {isa = PBXBuildFile; fileRef = E1FC9FFF1DC3D0380072747C /* TweetsViewController.swift */; };
/* End PBXBuildFile section */

/* Begin PBXFileReference section */
		3CAF156367CCC19304EE7DBE /* Pods_Twitter.framework */ = {isa = PBXFileReference; explicitFileType = wrapper.framework; includeInIndex = 0; path = Pods_Twitter.framework; sourceTree = BUILT_PRODUCTS_DIR; };
		3ECB3F7276434C87D1111EC0 /* Pods-Twitter.release.xcconfig */ = {isa = PBXFileReference; includeInIndex = 1; lastKnownFileType = text.xcconfig; name = "Pods-Twitter.release.xcconfig"; path = "Pods/Target Support Files/Pods-Twitter/Pods-Twitter.release.xcconfig"; sourceTree = "<group>"; };
		90539BD8943E56D25D896BD6 /* Pods-Twitter.debug.xcconfig */ = {isa = PBXFileReference; includeInIndex = 1; lastKnownFileType = text.xcconfig; name = "Pods-Twitter.debug.xcconfig"; path = "Pods/Target Support Files/Pods-Twitter/Pods-Twitter.debug.xcconfig"; sourceTree = "<group>"; };
		E13E9CEC1DC2FB9100EB03DA /* User.swift */ = {isa = PBXFileReference; fileEncoding = 4; lastKnownFileType = sourcecode.swift; path = User.swift; sourceTree = "<group>"; };
		E13E9CED1DC2FB9100EB03DA /* Tweet.swift */ = {isa = PBXFileReference; fileEncoding = 4; lastKnownFileType = sourcecode.swift; path = Tweet.swift; sourceTree = "<group>"; };
		E1BDD86D1DC42E75002FFFF1 /* Twitter.entitlements */ = {isa = PBXFileReference; lastKnownFileType = text.plist.entitlements; path = Twitter.entitlements; sourceTree = "<group>"; };
		E1BDD86F1DC444F0002FFFF1 /* TweetCell.swift */ = {isa = PBXFileReference; fileEncoding = 4; lastKnownFileType = sourcecode.swift; path = TweetCell.swift; sourceTree = "<group>"; };
		E1BDD8711DC44E49002FFFF1 /* star.png */ = {isa = PBXFileReference; lastKnownFileType = image.png; path = star.png; sourceTree = "<group>"; };
		E1BDD8741DC44ECD002FFFF1 /* retweet.png */ = {isa = PBXFileReference; lastKnownFileType = image.png; path = retweet.png; sourceTree = "<group>"; };
		E1BDD8761DC44FDD002FFFF1 /* reply.png */ = {isa = PBXFileReference; lastKnownFileType = image.png; path = reply.png; sourceTree = "<group>"; };
		E1D94E921DC702E500E13BBB /* retweeted.png */ = {isa = PBXFileReference; lastKnownFileType = image.png; path = retweeted.png; sourceTree = "<group>"; };
		E1EC61021DC2521600CD2C71 /* Twitter.app */ = {isa = PBXFileReference; explicitFileType = wrapper.application; includeInIndex = 0; path = Twitter.app; sourceTree = BUILT_PRODUCTS_DIR; };
		E1EC61051DC2521600CD2C71 /* AppDelegate.swift */ = {isa = PBXFileReference; lastKnownFileType = sourcecode.swift; path = AppDelegate.swift; sourceTree = "<group>"; };
		E1EC61071DC2521600CD2C71 /* LoginViewController.swift */ = {isa = PBXFileReference; lastKnownFileType = sourcecode.swift; path = LoginViewController.swift; sourceTree = "<group>"; };
		E1EC610A1DC2521600CD2C71 /* Base */ = {isa = PBXFileReference; lastKnownFileType = file.storyboard; name = Base; path = Base.lproj/Main.storyboard; sourceTree = "<group>"; };
		E1EC610C1DC2521600CD2C71 /* Assets.xcassets */ = {isa = PBXFileReference; lastKnownFileType = folder.assetcatalog; path = Assets.xcassets; sourceTree = "<group>"; };
		E1EC610F1DC2521600CD2C71 /* Base */ = {isa = PBXFileReference; lastKnownFileType = file.storyboard; name = Base; path = Base.lproj/LaunchScreen.storyboard; sourceTree = "<group>"; };
		E1EC61111DC2521600CD2C71 /* Info.plist */ = {isa = PBXFileReference; lastKnownFileType = text.plist.xml; path = Info.plist; sourceTree = "<group>"; };
		E1EC61171DC25A2500CD2C71 /* Twitter-Bridging-Header.h */ = {isa = PBXFileReference; lastKnownFileType = sourcecode.c.h; path = "Twitter-Bridging-Header.h"; sourceTree = "<group>"; };
		E1EC611A1DC25AB300CD2C71 /* TwitterClient.swift */ = {isa = PBXFileReference; fileEncoding = 4; lastKnownFileType = sourcecode.swift; path = TwitterClient.swift; sourceTree = SOURCE_ROOT; };
		E1ED63F31DC6589700A8F3DE /* ComposeViewController.swift */ = {isa = PBXFileReference; fileEncoding = 4; lastKnownFileType = sourcecode.swift; path = ComposeViewController.swift; sourceTree = "<group>"; };
		E1ED63F51DC6AE6F00A8F3DE /* TweetDetailViewController.swift */ = {isa = PBXFileReference; fileEncoding = 4; lastKnownFileType = sourcecode.swift; path = TweetDetailViewController.swift; sourceTree = "<group>"; };
		E1FC9FFF1DC3D0380072747C /* TweetsViewController.swift */ = {isa = PBXFileReference; fileEncoding = 4; lastKnownFileType = sourcecode.swift; path = TweetsViewController.swift; sourceTree = "<group>"; };
/* End PBXFileReference section */

/* Begin PBXFrameworksBuildPhase section */
		E1EC60FF1DC2521600CD2C71 /* Frameworks */ = {
			isa = PBXFrameworksBuildPhase;
			buildActionMask = 2147483647;
			files = (
				72EE314DA09B39A16EEA0A6D /* Pods_Twitter.framework in Frameworks */,
			);
			runOnlyForDeploymentPostprocessing = 0;
		};
/* End PBXFrameworksBuildPhase section */

/* Begin PBXGroup section */
		3971D73DDFFDB139E3E72C07 /* Frameworks */ = {
			isa = PBXGroup;
			children = (
				3CAF156367CCC19304EE7DBE /* Pods_Twitter.framework */,
			);
			name = Frameworks;
			sourceTree = "<group>";
		};
		4472BA0CDF4C596612D19CC3 /* Pods */ = {
			isa = PBXGroup;
			children = (
				90539BD8943E56D25D896BD6 /* Pods-Twitter.debug.xcconfig */,
				3ECB3F7276434C87D1111EC0 /* Pods-Twitter.release.xcconfig */,
			);
			name = Pods;
			sourceTree = "<group>";
		};
		E13E9CEA1DC2FA4D00EB03DA /* View Controllers */ = {
			isa = PBXGroup;
			children = (
				E1EC61071DC2521600CD2C71 /* LoginViewController.swift */,
				E1ED63F51DC6AE6F00A8F3DE /* TweetDetailViewController.swift */,
				E1FC9FFF1DC3D0380072747C /* TweetsViewController.swift */,
				E1ED63F31DC6589700A8F3DE /* ComposeViewController.swift */,
			);
			name = "View Controllers";
			sourceTree = "<group>";
		};
		E13E9CEB1DC2FA5600EB03DA /* Models */ = {
			isa = PBXGroup;
			children = (
				E13E9CEC1DC2FB9100EB03DA /* User.swift */,
				E13E9CED1DC2FB9100EB03DA /* Tweet.swift */,
			);
			name = Models;
			sourceTree = "<group>";
		};
		E1BDD86E1DC444D4002FFFF1 /* Cells */ = {
			isa = PBXGroup;
			children = (
				E1BDD86F1DC444F0002FFFF1 /* TweetCell.swift */,
			);
			name = Cells;
			sourceTree = "<group>";
		};
		E1BDD8731DC44E4D002FFFF1 /* Resources */ = {
			isa = PBXGroup;
			children = (
				E1BDD8741DC44ECD002FFFF1 /* retweet.png */,
				E1D94E921DC702E500E13BBB /* retweeted.png */,
				E1BDD8761DC44FDD002FFFF1 /* reply.png */,
				E1BDD8711DC44E49002FFFF1 /* star.png */,
			);
			name = Resources;
			sourceTree = "<group>";
		};
		E1EC60F91DC2521600CD2C71 = {
			isa = PBXGroup;
			children = (
				E1EC61041DC2521600CD2C71 /* Twitter */,
				E1EC61031DC2521600CD2C71 /* Products */,
				4472BA0CDF4C596612D19CC3 /* Pods */,
				3971D73DDFFDB139E3E72C07 /* Frameworks */,
				E1EC61171DC25A2500CD2C71 /* Twitter-Bridging-Header.h */,
			);
			sourceTree = "<group>";
		};
		E1EC61031DC2521600CD2C71 /* Products */ = {
			isa = PBXGroup;
			children = (
				E1EC61021DC2521600CD2C71 /* Twitter.app */,
			);
			name = Products;
			sourceTree = "<group>";
		};
		E1EC61041DC2521600CD2C71 /* Twitter */ = {
			isa = PBXGroup;
			children = (
				E1BDD86E1DC444D4002FFFF1 /* Cells */,
				E1BDD86D1DC42E75002FFFF1 /* Twitter.entitlements */,
				E13E9CEB1DC2FA5600EB03DA /* Models */,
				E13E9CEA1DC2FA4D00EB03DA /* View Controllers */,
				E1EC611C1DC25AD500CD2C71 /* API */,
				E1EC61051DC2521600CD2C71 /* AppDelegate.swift */,
				E1BDD8731DC44E4D002FFFF1 /* Resources */,
				E1EC61091DC2521600CD2C71 /* Main.storyboard */,
				E1EC610C1DC2521600CD2C71 /* Assets.xcassets */,
				E1EC610E1DC2521600CD2C71 /* LaunchScreen.storyboard */,
				E1EC61111DC2521600CD2C71 /* Info.plist */,
			);
			path = Twitter;
			sourceTree = "<group>";
		};
		E1EC611C1DC25AD500CD2C71 /* API */ = {
			isa = PBXGroup;
			children = (
				E1EC611A1DC25AB300CD2C71 /* TwitterClient.swift */,
			);
			name = API;
			sourceTree = "<group>";
		};
/* End PBXGroup section */

/* Begin PBXNativeTarget section */
		E1EC61011DC2521600CD2C71 /* Twitter */ = {
			isa = PBXNativeTarget;
			buildConfigurationList = E1EC61141DC2521600CD2C71 /* Build configuration list for PBXNativeTarget "Twitter" */;
			buildPhases = (
				CC54E5C38B6A181D5130D293 /* [CP] Check Pods Manifest.lock */,
				E1EC60FE1DC2521600CD2C71 /* Sources */,
				E1EC60FF1DC2521600CD2C71 /* Frameworks */,
				E1EC61001DC2521600CD2C71 /* Resources */,
				C417887503F46024558EDE8D /* [CP] Embed Pods Frameworks */,
				9B1039A25045872D3EDDDA89 /* [CP] Copy Pods Resources */,
			);
			buildRules = (
			);
			dependencies = (
			);
			name = Twitter;
			productName = Twitter;
			productReference = E1EC61021DC2521600CD2C71 /* Twitter.app */;
			productType = "com.apple.product-type.application";
		};
/* End PBXNativeTarget section */

/* Begin PBXProject section */
		E1EC60FA1DC2521600CD2C71 /* Project object */ = {
			isa = PBXProject;
			attributes = {
				LastSwiftUpdateCheck = 0800;
				LastUpgradeCheck = 0800;
				ORGANIZATIONNAME = "Jay Liew";
				TargetAttributes = {
					E1EC61011DC2521600CD2C71 = {
						CreatedOnToolsVersion = 8.0;
						DevelopmentTeam = 752EL73Z7Y;
						LastSwiftMigration = 0800;
						ProvisioningStyle = Automatic;
						SystemCapabilities = {
							com.apple.Keychain = {
								enabled = 1;
							};
						};
					};
				};
			};
			buildConfigurationList = E1EC60FD1DC2521600CD2C71 /* Build configuration list for PBXProject "Twitter" */;
			compatibilityVersion = "Xcode 3.2";
			developmentRegion = English;
			hasScannedForEncodings = 0;
			knownRegions = (
				en,
				Base,
			);
			mainGroup = E1EC60F91DC2521600CD2C71;
			productRefGroup = E1EC61031DC2521600CD2C71 /* Products */;
			projectDirPath = "";
			projectRoot = "";
			targets = (
				E1EC61011DC2521600CD2C71 /* Twitter */,
			);
		};
/* End PBXProject section */

/* Begin PBXResourcesBuildPhase section */
		E1EC61001DC2521600CD2C71 /* Resources */ = {
			isa = PBXResourcesBuildPhase;
			buildActionMask = 2147483647;
			files = (
				E1EC61101DC2521600CD2C71 /* LaunchScreen.storyboard in Resources */,
				E1D94E931DC702E500E13BBB /* retweeted.png in Resources */,
				E1BDD8751DC44ECD002FFFF1 /* retweet.png in Resources */,
				E1BDD8721DC44E49002FFFF1 /* star.png in Resources */,
				E1EC610D1DC2521600CD2C71 /* Assets.xcassets in Resources */,
				E1BDD8771DC44FDD002FFFF1 /* reply.png in Resources */,
				E1EC610B1DC2521600CD2C71 /* Main.storyboard in Resources */,
			);
			runOnlyForDeploymentPostprocessing = 0;
		};
/* End PBXResourcesBuildPhase section */

/* Begin PBXShellScriptBuildPhase section */
		9B1039A25045872D3EDDDA89 /* [CP] Copy Pods Resources */ = {
			isa = PBXShellScriptBuildPhase;
			buildActionMask = 2147483647;
			files = (
			);
			inputPaths = (
			);
			name = "[CP] Copy Pods Resources";
			outputPaths = (
			);
			runOnlyForDeploymentPostprocessing = 0;
			shellPath = /bin/sh;
			shellScript = "\"${SRCROOT}/Pods/Target Support Files/Pods-Twitter/Pods-Twitter-resources.sh\"\n";
			showEnvVarsInLog = 0;
		};
		C417887503F46024558EDE8D /* [CP] Embed Pods Frameworks */ = {
			isa = PBXShellScriptBuildPhase;
			buildActionMask = 2147483647;
			files = (
			);
			inputPaths = (
			);
			name = "[CP] Embed Pods Frameworks";
			outputPaths = (
			);
			runOnlyForDeploymentPostprocessing = 0;
			shellPath = /bin/sh;
			shellScript = "\"${SRCROOT}/Pods/Target Support Files/Pods-Twitter/Pods-Twitter-frameworks.sh\"\n";
			showEnvVarsInLog = 0;
		};
		CC54E5C38B6A181D5130D293 /* [CP] Check Pods Manifest.lock */ = {
			isa = PBXShellScriptBuildPhase;
			buildActionMask = 2147483647;
			files = (
			);
			inputPaths = (
			);
			name = "[CP] Check Pods Manifest.lock";
			outputPaths = (
			);
			runOnlyForDeploymentPostprocessing = 0;
			shellPath = /bin/sh;
			shellScript = "diff \"${PODS_ROOT}/../Podfile.lock\" \"${PODS_ROOT}/Manifest.lock\" > /dev/null\nif [ $? != 0 ] ; then\n    # print error to STDERR\n    echo \"error: The sandbox is not in sync with the Podfile.lock. Run 'pod install' or update your CocoaPods installation.\" >&2\n    exit 1\nfi\n";
			showEnvVarsInLog = 0;
		};
/* End PBXShellScriptBuildPhase section */

/* Begin PBXSourcesBuildPhase section */
		E1EC60FE1DC2521600CD2C71 /* Sources */ = {
			isa = PBXSourcesBuildPhase;
			buildActionMask = 2147483647;
			files = (
				E13E9CEE1DC2FB9100EB03DA /* User.swift in Sources */,
				E1BDD8701DC444F0002FFFF1 /* TweetCell.swift in Sources */,
				E1ED63F61DC6AE6F00A8F3DE /* TweetDetailViewController.swift in Sources */,
				E13E9CEF1DC2FB9100EB03DA /* Tweet.swift in Sources */,
				E1ED63F41DC6589700A8F3DE /* ComposeViewController.swift in Sources */,
				E1FCA0001DC3D0380072747C /* TweetsViewController.swift in Sources */,
				E1EC61081DC2521600CD2C71 /* LoginViewController.swift in Sources */,
				E1EC611B1DC25AB300CD2C71 /* TwitterClient.swift in Sources */,
				E1EC61061DC2521600CD2C71 /* AppDelegate.swift in Sources */,
			);
			runOnlyForDeploymentPostprocessing = 0;
		};
/* End PBXSourcesBuildPhase section */

/* Begin PBXVariantGroup section */
		E1EC61091DC2521600CD2C71 /* Main.storyboard */ = {
			isa = PBXVariantGroup;
			children = (
				E1EC610A1DC2521600CD2C71 /* Base */,
			);
			name = Main.storyboard;
			sourceTree = "<group>";
		};
		E1EC610E1DC2521600CD2C71 /* LaunchScreen.storyboard */ = {
			isa = PBXVariantGroup;
			children = (
				E1EC610F1DC2521600CD2C71 /* Base */,
			);
			name = LaunchScreen.storyboard;
			sourceTree = "<group>";
		};
/* End PBXVariantGroup section */

/* Begin XCBuildConfiguration section */
		E1EC61121DC2521600CD2C71 /* Debug */ = {
			isa = XCBuildConfiguration;
			buildSettings = {
				ALWAYS_SEARCH_USER_PATHS = NO;
				CLANG_ANALYZER_NONNULL = YES;
				CLANG_CXX_LANGUAGE_STANDARD = "gnu++0x";
				CLANG_CXX_LIBRARY = "libc++";
				CLANG_ENABLE_MODULES = YES;
				CLANG_ENABLE_OBJC_ARC = YES;
				CLANG_WARN_BOOL_CONVERSION = YES;
				CLANG_WARN_CONSTANT_CONVERSION = YES;
				CLANG_WARN_DIRECT_OBJC_ISA_USAGE = YES_ERROR;
				CLANG_WARN_DOCUMENTATION_COMMENTS = YES;
				CLANG_WARN_EMPTY_BODY = YES;
				CLANG_WARN_ENUM_CONVERSION = YES;
				CLANG_WARN_INFINITE_RECURSION = YES;
				CLANG_WARN_INT_CONVERSION = YES;
				CLANG_WARN_OBJC_ROOT_CLASS = YES_ERROR;
				CLANG_WARN_SUSPICIOUS_MOVE = YES;
				CLANG_WARN_SUSPICIOUS_MOVES = YES;
				CLANG_WARN_UNREACHABLE_CODE = YES;
				CLANG_WARN__DUPLICATE_METHOD_MATCH = YES;
				"CODE_SIGN_IDENTITY[sdk=iphoneos*]" = "iPhone Developer";
				COPY_PHASE_STRIP = NO;
				DEBUG_INFORMATION_FORMAT = dwarf;
				ENABLE_STRICT_OBJC_MSGSEND = YES;
				ENABLE_TESTABILITY = YES;
				GCC_C_LANGUAGE_STANDARD = gnu99;
				GCC_DYNAMIC_NO_PIC = NO;
				GCC_NO_COMMON_BLOCKS = YES;
				GCC_OPTIMIZATION_LEVEL = 0;
				GCC_PREPROCESSOR_DEFINITIONS = (
					"DEBUG=1",
					"$(inherited)",
				);
				GCC_WARN_64_TO_32_BIT_CONVERSION = YES;
				GCC_WARN_ABOUT_RETURN_TYPE = YES_ERROR;
				GCC_WARN_UNDECLARED_SELECTOR = YES;
				GCC_WARN_UNINITIALIZED_AUTOS = YES_AGGRESSIVE;
				GCC_WARN_UNUSED_FUNCTION = YES;
				GCC_WARN_UNUSED_VARIABLE = YES;
				IPHONEOS_DEPLOYMENT_TARGET = 10.0;
				MTL_ENABLE_DEBUG_INFO = YES;
				ONLY_ACTIVE_ARCH = YES;
				SDKROOT = iphoneos;
				SWIFT_ACTIVE_COMPILATION_CONDITIONS = DEBUG;
				SWIFT_OPTIMIZATION_LEVEL = "-Onone";
				TARGETED_DEVICE_FAMILY = "1,2";
			};
			name = Debug;
		};
		E1EC61131DC2521600CD2C71 /* Release */ = {
			isa = XCBuildConfiguration;
			buildSettings = {
				ALWAYS_SEARCH_USER_PATHS = NO;
				CLANG_ANALYZER_NONNULL = YES;
				CLANG_CXX_LANGUAGE_STANDARD = "gnu++0x";
				CLANG_CXX_LIBRARY = "libc++";
				CLANG_ENABLE_MODULES = YES;
				CLANG_ENABLE_OBJC_ARC = YES;
				CLANG_WARN_BOOL_CONVERSION = YES;
				CLANG_WARN_CONSTANT_CONVERSION = YES;
				CLANG_WARN_DIRECT_OBJC_ISA_USAGE = YES_ERROR;
				CLANG_WARN_DOCUMENTATION_COMMENTS = YES;
				CLANG_WARN_EMPTY_BODY = YES;
				CLANG_WARN_ENUM_CONVERSION = YES;
				CLANG_WARN_INFINITE_RECURSION = YES;
				CLANG_WARN_INT_CONVERSION = YES;
				CLANG_WARN_OBJC_ROOT_CLASS = YES_ERROR;
				CLANG_WARN_SUSPICIOUS_MOVE = YES;
				CLANG_WARN_SUSPICIOUS_MOVES = YES;
				CLANG_WARN_UNREACHABLE_CODE = YES;
				CLANG_WARN__DUPLICATE_METHOD_MATCH = YES;
				"CODE_SIGN_IDENTITY[sdk=iphoneos*]" = "iPhone Developer";
				COPY_PHASE_STRIP = NO;
				DEBUG_INFORMATION_FORMAT = "dwarf-with-dsym";
				ENABLE_NS_ASSERTIONS = NO;
				ENABLE_STRICT_OBJC_MSGSEND = YES;
				GCC_C_LANGUAGE_STANDARD = gnu99;
				GCC_NO_COMMON_BLOCKS = YES;
				GCC_WARN_64_TO_32_BIT_CONVERSION = YES;
				GCC_WARN_ABOUT_RETURN_TYPE = YES_ERROR;
				GCC_WARN_UNDECLARED_SELECTOR = YES;
				GCC_WARN_UNINITIALIZED_AUTOS = YES_AGGRESSIVE;
				GCC_WARN_UNUSED_FUNCTION = YES;
				GCC_WARN_UNUSED_VARIABLE = YES;
				IPHONEOS_DEPLOYMENT_TARGET = 10.0;
				MTL_ENABLE_DEBUG_INFO = NO;
				SDKROOT = iphoneos;
				SWIFT_OPTIMIZATION_LEVEL = "-Owholemodule";
				TARGETED_DEVICE_FAMILY = "1,2";
				VALIDATE_PRODUCT = YES;
			};
			name = Release;
		};
		E1EC61151DC2521600CD2C71 /* Debug */ = {
			isa = XCBuildConfiguration;
			baseConfigurationReference = 90539BD8943E56D25D896BD6 /* Pods-Twitter.debug.xcconfig */;
			buildSettings = {
				ASSETCATALOG_COMPILER_APPICON_NAME = AppIcon;
				CLANG_ENABLE_MODULES = YES;
				CODE_SIGN_ENTITLEMENTS = Twitter/Twitter.entitlements;
				DEVELOPMENT_TEAM = 752EL73Z7Y;
				INFOPLIST_FILE = Twitter/Info.plist;
				LD_RUNPATH_SEARCH_PATHS = "$(inherited) @executable_path/Frameworks";
				PRODUCT_BUNDLE_IDENTIFIER = com.jayliew.Twitter;
				PRODUCT_NAME = "$(TARGET_NAME)";
				SWIFT_OBJC_BRIDGING_HEADER = "Twitter-Bridging-Header.h";
				SWIFT_OPTIMIZATION_LEVEL = "-Onone";
				SWIFT_VERSION = 3.0;
			};
			name = Debug;
		};
		E1EC61161DC2521600CD2C71 /* Release */ = {
			isa = XCBuildConfiguration;
			baseConfigurationReference = 3ECB3F7276434C87D1111EC0 /* Pods-Twitter.release.xcconfig */;
			buildSettings = {
				ASSETCATALOG_COMPILER_APPICON_NAME = AppIcon;
				CLANG_ENABLE_MODULES = YES;
				CODE_SIGN_ENTITLEMENTS = Twitter/Twitter.entitlements;
				DEVELOPMENT_TEAM = 752EL73Z7Y;
				INFOPLIST_FILE = Twitter/Info.plist;
				LD_RUNPATH_SEARCH_PATHS = "$(inherited) @executable_path/Frameworks";
				PRODUCT_BUNDLE_IDENTIFIER = com.jayliew.Twitter;
				PRODUCT_NAME = "$(TARGET_NAME)";
				SWIFT_OBJC_BRIDGING_HEADER = "Twitter-Bridging-Header.h";
				SWIFT_VERSION = 3.0;
			};
			name = Release;
		};
/* End XCBuildConfiguration section */

/* Begin XCConfigurationList section */
		E1EC60FD1DC2521600CD2C71 /* Build configuration list for PBXProject "Twitter" */ = {
			isa = XCConfigurationList;
			buildConfigurations = (
				E1EC61121DC2521600CD2C71 /* Debug */,
				E1EC61131DC2521600CD2C71 /* Release */,
			);
			defaultConfigurationIsVisible = 0;
			defaultConfigurationName = Release;
		};
		E1EC61141DC2521600CD2C71 /* Build configuration list for PBXNativeTarget "Twitter" */ = {
			isa = XCConfigurationList;
			buildConfigurations = (
				E1EC61151DC2521600CD2C71 /* Debug */,
				E1EC61161DC2521600CD2C71 /* Release */,
			);
			defaultConfigurationIsVisible = 0;
			defaultConfigurationName = Release;
		};
/* End XCConfigurationList section */
	};
	rootObject = E1EC60FA1DC2521600CD2C71 /* Project object */;
}
